
Microsoft Visual Studio Solution File, Format Version 12.00
# Visual Studio Version 17
VisualStudioVersion = 17.13.35828.75 d17.13
MinimumVisualStudioVersion = 10.0.40219.1
Project("{FAE04EC0-301F-11D3-BF4B-00C04F79EFBC}") = "Program", "Program.csproj", "{A16D30E4-DCD4-47E8-9606-D38FC7DDE7A8}"
EndProject
Project("{FAE04EC0-301F-11D3-BF4B-00C04F79EFBC}") = "Dominio", "..\Dominio\Dominio.csproj", "{631DA585-9157-4897-99D5-6CF4B35F29C9}"
EndProject
Global
	GlobalSection(SolutionConfigurationPlatforms) = preSolution
		Debug|Any CPU = Debug|Any CPU
		Release|Any CPU = Release|Any CPU
	EndGlobalSection
	GlobalSection(ProjectConfigurationPlatforms) = postSolution
		{A16D30E4-DCD4-47E8-9606-D38FC7DDE7A8}.Debug|Any CPU.ActiveCfg = Debug|Any CPU
		{A16D30E4-DCD4-47E8-9606-D38FC7DDE7A8}.Debug|Any CPU.Build.0 = Debug|Any CPU
		{A16D30E4-DCD4-47E8-9606-D38FC7DDE7A8}.Release|Any CPU.ActiveCfg = Release|Any CPU
		{A16D30E4-DCD4-47E8-9606-D38FC7DDE7A8}.Release|Any CPU.Build.0 = Release|Any CPU
		{631DA585-9157-4897-99D5-6CF4B35F29C9}.Debug|Any CPU.ActiveCfg = Debug|Any CPU
		{631DA585-9157-4897-99D5-6CF4B35F29C9}.Debug|Any CPU.Build.0 = Debug|Any CPU
		{631DA585-9157-4897-99D5-6CF4B35F29C9}.Release|Any CPU.ActiveCfg = Release|Any CPU
		{631DA585-9157-4897-99D5-6CF4B35F29C9}.Release|Any CPU.Build.0 = Release|Any CPU
	EndGlobalSection
	GlobalSection(SolutionProperties) = preSolution
		HideSolutionNode = FALSE
	EndGlobalSection
	GlobalSection(ExtensibilityGlobals) = postSolution
		SolutionGuid = {89D65370-E272-40BD-91E6-E8CA8091F3A0}
	EndGlobalSection
EndGlobal
